{
  "name": "heartbeat",
  "version": "1.0.0",
  "lockfileVersion": 3,
  "requires": true,
  "packages": {
    "": {
      "name": "heartbeat",
      "version": "1.0.0",
      "license": "ISC",
      "dependencies": {
        "node-os-utils": "^2.0.1"
      }
    },
    "node_modules/node-os-utils": {
      "version": "2.0.1",
      "resolved": "https://registry.npmjs.org/node-os-utils/-/node-os-utils-2.0.1.tgz",
      "integrity": "sha512-rH2N3qHZETLhdgTGhMMCE8zU3gsWO4we1MFtrSiAI7tYWrnJRc6dk2PseV4co3Lb0v/MbRONLQI2biHQYbpTpg==",
      "license": "MIT",
      "engines": {
        "node": ">=18.0.0"
      }
    }
  }
}
